{
  "name": "org.agent.cooking",
  "lockfileVersion": 2,
  "requires": true,
  "packages": {
    "": {
      "name": "org.agent.cooking",
      "license": "BSD-3-Clause",
      "dependencies": {
        "string-interp": "^0.3.6"
      }
    },
    "node_modules/string-interp": {
      "version": "0.3.6",
      "resolved": "https://registry.npmjs.org/string-interp/-/string-interp-0.3.6.tgz",
      "integrity": "sha512-696vVbzGoUpoCw4fX6vR/e+kh8/z6llFfVmp+6M7QTR/oZhDah6BScUrJXzQ28wkkzeiznGHHilDBOPZsJOElw==",
      "dependencies": {
        "thingtalk-units": "^0.2.0"
      }
    },
    "node_modules/thingtalk-units": {
      "version": "0.2.1",
      "resolved": "https://registry.npmjs.org/thingtalk-units/-/thingtalk-units-0.2.1.tgz",
      "integrity": "sha512-5r7V3m1aqGOJwMEVx41udgIXLNrYJySygQIttUAlwtadArNGRt+5y3ERWCmr/kMF1Rde9h36Ps866vTRxQ7fzA=="
    }
  },
  "dependencies": {
    "string-interp": {
      "version": "0.3.6",
      "resolved": "https://registry.npmjs.org/string-interp/-/string-interp-0.3.6.tgz",
      "integrity": "sha512-696vVbzGoUpoCw4fX6vR/e+kh8/z6llFfVmp+6M7QTR/oZhDah6BScUrJXzQ28wkkzeiznGHHilDBOPZsJOElw==",
      "requires": {
        "thingtalk-units": "^0.2.0"
      }
    },
    "thingtalk-units": {
      "version": "0.2.1",
      "resolved": "https://registry.npmjs.org/thingtalk-units/-/thingtalk-units-0.2.1.tgz",
      "integrity": "sha512-5r7V3m1aqGOJwMEVx41udgIXLNrYJySygQIttUAlwtadArNGRt+5y3ERWCmr/kMF1Rde9h36Ps866vTRxQ7fzA=="
    }
  }
}
