{
  "name": "io.home-assistant",
  "requires": true,
  "lockfileVersion": 1,
  "dependencies": {
    "bufferutil": {
      "version": "4.0.2",
      "resolved": "https://registry.npmjs.org/bufferutil/-/bufferutil-4.0.2.tgz",
      "integrity": "sha512-AtnG3W6M8B2n4xDQ5R+70EXvOpnXsFYg/AK2yTZd+HQ/oxAdz+GI+DvjmhBw3L0ole+LJ0ngqY4JMbDzkfNzhA==",
      "optional": true,
      "requires": {
        "node-gyp-build": "^4.2.0"
      }
    },
    "home-assistant-js-websocket": {
      "version": "4.5.0",
      "resolved": "https://registry.npmjs.org/home-assistant-js-websocket/-/home-assistant-js-websocket-4.5.0.tgz",
      "integrity": "sha512-ig+zws1MW14XwjMtXRzDBxDZVwvEaluTA9Pq4wqRebKo0Hw7yVix2GFn0wzG75eqC3mc0BlJQiXqBeWhJuJ0pQ=="
    },
    "node-gyp-build": {
      "version": "4.2.3",
      "resolved": "https://registry.npmjs.org/node-gyp-build/-/node-gyp-build-4.2.3.tgz",
      "integrity": "sha512-MN6ZpzmfNCRM+3t57PTJHgHyw/h4OWnZ6mR8P5j/uZtqQr46RRuDE/P+g3n0YR/AiYXeWixZZzaip77gdICfRg==",
      "optional": true
    },
    "utf-8-validate": {
      "version": "5.0.3",
      "resolved": "https://registry.npmjs.org/utf-8-validate/-/utf-8-validate-5.0.3.tgz",
      "integrity": "sha512-jtJM6fpGv8C1SoH4PtG22pGto6x+Y8uPprW0tw3//gGFhDDTiuksgradgFN6yRayDP4SyZZa6ZMGHLIa17+M8A==",
      "optional": true,
      "requires": {
        "node-gyp-build": "^4.2.0"
      }
    },
    "ws": {
      "version": "7.4.1",
      "resolved": "https://registry.npmjs.org/ws/-/ws-7.4.1.tgz",
      "integrity": "sha512-pTsP8UAfhy3sk1lSk/O/s4tjD0CRwvMnzvwr4OKGX7ZvqZtUyx4KIJB5JWbkykPoc55tixMGgTNoh3k4FkNGFQ=="
    }
  }
}
