# THIS IS AN AUTOGENERATED FILE. DO NOT EDIT THIS FILE DIRECTLY.
# yarn lockfile v1


ical.js@^1.2.2:
  version "1.3.0"
  resolved "https://registry.yarnpkg.com/ical.js/-/ical.js-1.3.0.tgz#9db1800bfd8d7c003d1baec61441dd7186011768"
  integrity sha512-wQ0w77MGOe6vNhZMBQuZAtZoTzDEOQ/QoCDofWL7yfkQ/HYWX5NyWPYjN+yj+4JahOvTkhXjTlrZtiQKv+BSOA==
