# THIS IS AN AUTOGENERATED FILE. DO NOT EDIT THIS FILE DIRECTLY.
# yarn lockfile v1


faye-websocket@>=0.6.0:
  version "0.11.1"
  resolved "https://registry.yarnpkg.com/faye-websocket/-/faye-websocket-0.11.1.tgz#f0efe18c4f56e4f40afc7e06c719fd5ee6188f38"
  dependencies:
    websocket-driver ">=0.5.1"

firebase@^2.4.2:
  version "2.4.2"
  resolved "https://registry.yarnpkg.com/firebase/-/firebase-2.4.2.tgz#4e1119ec0396ca561d8a7acbff1630feac6c0a31"
  dependencies:
    faye-websocket ">=0.6.0"

http-parser-js@>=0.4.0:
  version "0.4.13"
  resolved "https://registry.yarnpkg.com/http-parser-js/-/http-parser-js-0.4.13.tgz#3bd6d6fde6e3172c9334c3b33b6c193d80fe1137"

websocket-driver@>=0.5.1:
  version "0.7.0"
  resolved "https://registry.yarnpkg.com/websocket-driver/-/websocket-driver-0.7.0.tgz#0caf9d2d755d93aee049d4bdd0d3fe2cca2a24eb"
  dependencies:
    http-parser-js ">=0.4.0"
    websocket-extensions ">=0.1.1"

websocket-extensions@>=0.1.1:
  version "0.1.3"
  resolved "https://registry.yarnpkg.com/websocket-extensions/-/websocket-extensions-0.1.3.tgz#5d2ff22977003ec687a4b87073dfbbac146ccf29"
