# THIS IS AN AUTOGENERATED FILE. DO NOT EDIT THIS FILE DIRECTLY.
# yarn lockfile v1


faye-websocket@>=0.6.0:
  version "0.11.3"
  resolved "https://registry.yarnpkg.com/faye-websocket/-/faye-websocket-0.11.3.tgz#5c0e9a8968e8912c286639fde977a8b209f2508e"
  integrity sha512-D2y4bovYpzziGgbHYtGCMjlJM36vAl/y+xUyn1C+FVx8szd1E+86KwVw6XvYSzOP8iMpm1X0I4xJD+QtUb36OA==
  dependencies:
    websocket-driver ">=0.5.1"

firebase@^2.4.2:
  version "2.4.2"
  resolved "https://registry.yarnpkg.com/firebase/-/firebase-2.4.2.tgz#4e1119ec0396ca561d8a7acbff1630feac6c0a31"
  integrity sha1-ThEZ7AOWylYdinrL/xYw/qxsCjE=
  dependencies:
    faye-websocket ">=0.6.0"

"http-parser-js@>=0.4.0 <0.4.11":
  version "0.4.10"
  resolved "https://registry.yarnpkg.com/http-parser-js/-/http-parser-js-0.4.10.tgz#92c9c1374c35085f75db359ec56cc257cbb93fa4"
  integrity sha1-ksnBN0w1CF912zWexWzCV8u5P6Q=

safe-buffer@>=5.1.0:
  version "5.2.0"
  resolved "https://registry.yarnpkg.com/safe-buffer/-/safe-buffer-5.2.0.tgz#b74daec49b1148f88c64b68d49b1e815c1f2f519"
  integrity sha512-fZEwUGbVl7kouZs1jCdMLdt95hdIv0ZeHg6L7qPeciMZhZ+/gdesW4wgTARkrFWEpspjEATAzUGPG8N2jJiwbg==

websocket-driver@>=0.5.1:
  version "0.7.3"
  resolved "https://registry.yarnpkg.com/websocket-driver/-/websocket-driver-0.7.3.tgz#a2d4e0d4f4f116f1e6297eba58b05d430100e9f9"
  integrity sha512-bpxWlvbbB459Mlipc5GBzzZwhoZgGEZLuqPaR0INBGnPAY1vdBX6hPnoFXiw+3yWxDuHyQjO2oXTMyS8A5haFg==
  dependencies:
    http-parser-js ">=0.4.0 <0.4.11"
    safe-buffer ">=5.1.0"
    websocket-extensions ">=0.1.1"

websocket-extensions@>=0.1.1:
  version "0.1.3"
  resolved "https://registry.yarnpkg.com/websocket-extensions/-/websocket-extensions-0.1.3.tgz#5d2ff22977003ec687a4b87073dfbbac146ccf29"
  integrity sha512-nqHUnMXmBzT0w570r2JpJxfiSD1IzoI+HGVdd3aZ0yNi3ngvQ4jv1dtHt5VGxfI2yj5yqImPhOK4vmIh2xMbGg==
