{
  "name": "org.thingpedia.holidays",
  "version": "1.0.0",
  "lockfileVersion": 1,
  "requires": true,
  "dependencies": {
    "ical.js": {
      "version": "1.1.2",
      "resolved": "https://registry.npmjs.org/ical.js/-/ical.js-1.1.2.tgz",
      "integrity": "sha1-6u2fo9BkurByci9+56nI9/xJf1g="
    }
  }
}
