# THIS IS AN AUTOGENERATED FILE. DO NOT EDIT THIS FILE DIRECTLY.
# yarn lockfile v1


ical.js@^1.2.2:
  version "1.4.0"
  resolved "https://registry.yarnpkg.com/ical.js/-/ical.js-1.4.0.tgz#fc5619dc55fe03d909bf04362aa0677f4541b9d7"
  integrity sha512-ltHZuOFNNjcyEYbzDgjemS7LWIFh2vydJeznxQHUh3dnarbxqOYsWONYteBVAq1MEOHnwXFGN2eskZReHclnrA==
